
Microsoft Visual Studio Solution File, Format Version 12.00
# Visual Studio 15
VisualStudioVersion = 15.0.28010.2050
MinimumVisualStudioVersion = 10.0.40219.1
Project("{8BC9CEB8-8B4A-11D0-8D11-00A0C91BC942}") = "Project7", "Project7\Project7.vcxproj", "{F5302354-FA50-4381-86A3-AF3C7CA05098}"
EndProject
Global
	GlobalSection(SolutionConfigurationPlatforms) = preSolution
		Debug|x64 = Debug|x64
		Debug|x86 = Debug|x86
		Release|x64 = Release|x64
		Release|x86 = Release|x86
	EndGlobalSection
	GlobalSection(ProjectConfigurationPlatforms) = postSolution
		{F5302354-FA50-4381-86A3-AF3C7CA05098}.Debug|x64.ActiveCfg = Debug|x64
		{F5302354-FA50-4381-86A3-AF3C7CA05098}.Debug|x64.Build.0 = Debug|x64
		{F5302354-FA50-4381-86A3-AF3C7CA05098}.Debug|x86.ActiveCfg = Debug|Win32
		{F5302354-FA50-4381-86A3-AF3C7CA05098}.Debug|x86.Build.0 = Debug|Win32
		{F5302354-FA50-4381-86A3-AF3C7CA05098}.Release|x64.ActiveCfg = Release|x64
		{F5302354-FA50-4381-86A3-AF3C7CA05098}.Release|x64.Build.0 = Release|x64
		{F5302354-FA50-4381-86A3-AF3C7CA05098}.Release|x86.ActiveCfg = Release|Win32
		{F5302354-FA50-4381-86A3-AF3C7CA05098}.Release|x86.Build.0 = Release|Win32
	EndGlobalSection
	GlobalSection(SolutionProperties) = preSolution
		HideSolutionNode = FALSE
	EndGlobalSection
	GlobalSection(ExtensibilityGlobals) = postSolution
		SolutionGuid = {12A32DD9-3D43-40EC-A0B8-FF214D3BBFD2}
	EndGlobalSection
EndGlobal
